
Microsoft Visual Studio Solution File, Format Version 12.00
# Visual Studio Version 17
VisualStudioVersion = 17.3.32929.385
MinimumVisualStudioVersion = 10.0.40219.1
Project("{FAE04EC0-301F-11D3-BF4B-00C04F79EFBC}") = "SMS_Rushdha_New", "SMS_Rushdha_New.csproj", "{CFF36A10-8A9A-4280-BB5C-834BA00093DC}"
EndProject
Global
	GlobalSection(SolutionConfigurationPlatforms) = preSolution
		Debug|Any CPU = Debug|Any CPU
		Release|Any CPU = Release|Any CPU
	EndGlobalSection
	GlobalSection(ProjectConfigurationPlatforms) = postSolution
		{CFF36A10-8A9A-4280-BB5C-834BA00093DC}.Debug|Any CPU.ActiveCfg = Debug|Any CPU
		{CFF36A10-8A9A-4280-BB5C-834BA00093DC}.Debug|Any CPU.Build.0 = Debug|Any CPU
		{CFF36A10-8A9A-4280-BB5C-834BA00093DC}.Release|Any CPU.ActiveCfg = Release|Any CPU
		{CFF36A10-8A9A-4280-BB5C-834BA00093DC}.Release|Any CPU.Build.0 = Release|Any CPU
	EndGlobalSection
	GlobalSection(SolutionProperties) = preSolution
		HideSolutionNode = FALSE
	EndGlobalSection
	GlobalSection(ExtensibilityGlobals) = postSolution
		SolutionGuid = {16FDF77D-30DF-4085-83AC-72C4C49DEA49}
	EndGlobalSection
EndGlobal
